lockfileVersion: '6.0'

settings:
  autoInstallPeers: true
  excludeLinksFromLockfile: false

dependencies:
  '@hono/node-server':
    specifier: ^1.8.2
    version: 1.8.2
  hono:
    specifier: ^4.1.1
    version: 4.1.1

packages:

  /@hono/node-server@1.8.2:
    resolution: {integrity: sha512-h8l2TBLCPHZBUrrkosZ6L5CpBLj6zdESyF4B+zngiCDF7aZFQJ0alVbLx7jn8PCVi9EyoFf8a4hOZFi1tD95EA==}
    engines: {node: '>=18.14.1'}
    dev: false

  /hono@4.1.1:
    resolution: {integrity: sha512-+ljwSwMby5vYaA1ZmP8iQSq/bF5wb8gGwFdybJk3A4yNwtn4X0zuyim49VNCYHBUi/jfY0bnzwntth4/eX6NHw==}
    engines: {node: '>=16.0.0'}
    dev: false
